
Microsoft Visual Studio Solution File, Format Version 12.00
# Visual Studio Version 16
VisualStudioVersion = 16.0.30804.86
MinimumVisualStudioVersion = 10.0.40219.1
Project("{8BC9CEB8-8B4A-11D0-8D11-00A0C91BC942}") = "MetinAttempt", "MetinAttempt\MetinAttempt.vcxproj", "{2373D8D4-CD67-4462-8FD2-217ED0F4610F}"
EndProject
Project("{8BC9CEB8-8B4A-11D0-8D11-00A0C91BC942}") = "MetinGuestManager", "MetinGuestGui\MetinGuestGui.vcxproj", "{370FC975-1E8B-43A4-857D-1B3EB76EF469}"
EndProject
Project("{FAE04EC0-301F-11D3-BF4B-00C04F79EFBC}") = "MetinHostGui", "MetinHostGui\MetinHostGui.csproj", "{23ADC7E4-387A-46EB-AA9D-3CC091184CCB}"
EndProject
Project("{8BC9CEB8-8B4A-11D0-8D11-00A0C91BC942}") = "MetinHostGuiIMGUI", "MetinHostGuiIMGUI\MetinHostGuiIMGUI.vcxproj", "{AD78C4CA-EFFA-46DB-9CFB-9FF66F3D68BD}"
	ProjectSection(ProjectDependencies) = postProject
		{370FC975-1E8B-43A4-857D-1B3EB76EF469} = {370FC975-1E8B-43A4-857D-1B3EB76EF469}
	EndProjectSection
EndProject
Project("{8BC9CEB8-8B4A-11D0-8D11-00A0C91BC942}") = "PangeaAttempt", "PangeaAttempt\PangeaAttempt.vcxproj", "{21BBA7BE-DAA6-4A5C-B34E-78B677C2205F}"
EndProject
Global
	GlobalSection(SolutionConfigurationPlatforms) = preSolution
		Debug|Any CPU = Debug|Any CPU
		Debug|x64 = Debug|x64
		Debug|x86 = Debug|x86
		FishBot|Any CPU = FishBot|Any CPU
		FishBot|x64 = FishBot|x64
		FishBot|x86 = FishBot|x86
		MineBot|Any CPU = MineBot|Any CPU
		MineBot|x64 = MineBot|x64
		MineBot|x86 = MineBot|x86
		PosDumper|Any CPU = PosDumper|Any CPU
		PosDumper|x64 = PosDumper|x64
		PosDumper|x86 = PosDumper|x86
		Release - static|Any CPU = Release - static|Any CPU
		Release - static|x64 = Release - static|x64
		Release - static|x86 = Release - static|x86
		Release Public|Any CPU = Release Public|Any CPU
		Release Public|x64 = Release Public|x64
		Release Public|x86 = Release Public|x86
		Release|Any CPU = Release|Any CPU
		Release|x64 = Release|x64
		Release|x86 = Release|x86
		SpamBot|Any CPU = SpamBot|Any CPU
		SpamBot|x64 = SpamBot|x64
		SpamBot|x86 = SpamBot|x86
		SwitchBot|Any CPU = SwitchBot|Any CPU
		SwitchBot|x64 = SwitchBot|x64
		SwitchBot|x86 = SwitchBot|x86
	EndGlobalSection
	GlobalSection(ProjectConfigurationPlatforms) = postSolution
		{2373D8D4-CD67-4462-8FD2-217ED0F4610F}.Debug|Any CPU.ActiveCfg = Debug|Win32
		{2373D8D4-CD67-4462-8FD2-217ED0F4610F}.Debug|x64.ActiveCfg = Debug|x64
		{2373D8D4-CD67-4462-8FD2-217ED0F4610F}.Debug|x86.ActiveCfg = Debug|Win32
		{2373D8D4-CD67-4462-8FD2-217ED0F4610F}.FishBot|Any CPU.ActiveCfg = FishBot|Win32
		{2373D8D4-CD67-4462-8FD2-217ED0F4610F}.FishBot|x64.ActiveCfg = FishBot|x64
		{2373D8D4-CD67-4462-8FD2-217ED0F4610F}.FishBot|x86.ActiveCfg = FishBot|Win32
		{2373D8D4-CD67-4462-8FD2-217ED0F4610F}.MineBot|Any CPU.ActiveCfg = MineBot|Win32
		{2373D8D4-CD67-4462-8FD2-217ED0F4610F}.MineBot|x64.ActiveCfg = MineBot|x64
		{2373D8D4-CD67-4462-8FD2-217ED0F4610F}.MineBot|x86.ActiveCfg = MineBot|Win32
		{2373D8D4-CD67-4462-8FD2-217ED0F4610F}.PosDumper|Any CPU.ActiveCfg = PosDumper|Win32
		{2373D8D4-CD67-4462-8FD2-217ED0F4610F}.PosDumper|x64.ActiveCfg = PosDumper|x64
		{2373D8D4-CD67-4462-8FD2-217ED0F4610F}.PosDumper|x86.ActiveCfg = PosDumper|Win32
		{2373D8D4-CD67-4462-8FD2-217ED0F4610F}.PosDumper|x86.Build.0 = PosDumper|Win32
		{2373D8D4-CD67-4462-8FD2-217ED0F4610F}.Release - static|Any CPU.ActiveCfg = Release - static|Win32
		{2373D8D4-CD67-4462-8FD2-217ED0F4610F}.Release - static|x64.ActiveCfg = Release - static|x64
		{2373D8D4-CD67-4462-8FD2-217ED0F4610F}.Release - static|x86.ActiveCfg = Release - static|Win32
		{2373D8D4-CD67-4462-8FD2-217ED0F4610F}.Release Public|Any CPU.ActiveCfg = Release Public|Win32
		{2373D8D4-CD67-4462-8FD2-217ED0F4610F}.Release Public|x64.ActiveCfg = Release Public|x64
		{2373D8D4-CD67-4462-8FD2-217ED0F4610F}.Release Public|x86.ActiveCfg = Release Public|Win32
		{2373D8D4-CD67-4462-8FD2-217ED0F4610F}.Release|Any CPU.ActiveCfg = Release|Win32
		{2373D8D4-CD67-4462-8FD2-217ED0F4610F}.Release|x64.ActiveCfg = Release|x64
		{2373D8D4-CD67-4462-8FD2-217ED0F4610F}.Release|x64.Build.0 = Release|x64
		{2373D8D4-CD67-4462-8FD2-217ED0F4610F}.Release|x86.ActiveCfg = Release|Win32
		{2373D8D4-CD67-4462-8FD2-217ED0F4610F}.SpamBot|Any CPU.ActiveCfg = SpamBot|Win32
		{2373D8D4-CD67-4462-8FD2-217ED0F4610F}.SpamBot|x64.ActiveCfg = SpamBot|x64
		{2373D8D4-CD67-4462-8FD2-217ED0F4610F}.SpamBot|x86.ActiveCfg = SpamBot|Win32
		{2373D8D4-CD67-4462-8FD2-217ED0F4610F}.SpamBot|x86.Build.0 = SpamBot|Win32
		{2373D8D4-CD67-4462-8FD2-217ED0F4610F}.SwitchBot|Any CPU.ActiveCfg = SwitchBot|Win32
		{2373D8D4-CD67-4462-8FD2-217ED0F4610F}.SwitchBot|x64.ActiveCfg = SwitchBot|x64
		{2373D8D4-CD67-4462-8FD2-217ED0F4610F}.SwitchBot|x86.ActiveCfg = SwitchBot|Win32
		{370FC975-1E8B-43A4-857D-1B3EB76EF469}.Debug|Any CPU.ActiveCfg = Debug|Win32
		{370FC975-1E8B-43A4-857D-1B3EB76EF469}.Debug|x64.ActiveCfg = Debug|x64
		{370FC975-1E8B-43A4-857D-1B3EB76EF469}.Debug|x64.Build.0 = Debug|x64
		{370FC975-1E8B-43A4-857D-1B3EB76EF469}.Debug|x86.ActiveCfg = Debug|Win32
		{370FC975-1E8B-43A4-857D-1B3EB76EF469}.Debug|x86.Build.0 = Debug|Win32
		{370FC975-1E8B-43A4-857D-1B3EB76EF469}.FishBot|Any CPU.ActiveCfg = FishBot|Win32
		{370FC975-1E8B-43A4-857D-1B3EB76EF469}.FishBot|x64.ActiveCfg = FishBot|x64
		{370FC975-1E8B-43A4-857D-1B3EB76EF469}.FishBot|x86.ActiveCfg = FishBot|Win32
		{370FC975-1E8B-43A4-857D-1B3EB76EF469}.MineBot|Any CPU.ActiveCfg = MineBot|Win32
		{370FC975-1E8B-43A4-857D-1B3EB76EF469}.MineBot|x64.ActiveCfg = MineBot|x64
		{370FC975-1E8B-43A4-857D-1B3EB76EF469}.MineBot|x86.ActiveCfg = MineBot|Win32
		{370FC975-1E8B-43A4-857D-1B3EB76EF469}.PosDumper|Any CPU.ActiveCfg = PosDumper|Win32
		{370FC975-1E8B-43A4-857D-1B3EB76EF469}.PosDumper|x64.ActiveCfg = PosDumper|x64
		{370FC975-1E8B-43A4-857D-1B3EB76EF469}.PosDumper|x64.Build.0 = PosDumper|x64
		{370FC975-1E8B-43A4-857D-1B3EB76EF469}.PosDumper|x86.ActiveCfg = PosDumper|Win32
		{370FC975-1E8B-43A4-857D-1B3EB76EF469}.Release - static|Any CPU.ActiveCfg = Release - static|Win32
		{370FC975-1E8B-43A4-857D-1B3EB76EF469}.Release - static|x64.ActiveCfg = Release - static|x64
		{370FC975-1E8B-43A4-857D-1B3EB76EF469}.Release - static|x64.Build.0 = Release - static|x64
		{370FC975-1E8B-43A4-857D-1B3EB76EF469}.Release - static|x86.ActiveCfg = Release - static|Win32
		{370FC975-1E8B-43A4-857D-1B3EB76EF469}.Release - static|x86.Build.0 = Release - static|Win32
		{370FC975-1E8B-43A4-857D-1B3EB76EF469}.Release Public|Any CPU.ActiveCfg = Release Public|Win32
		{370FC975-1E8B-43A4-857D-1B3EB76EF469}.Release Public|x64.ActiveCfg = Release Public|x64
		{370FC975-1E8B-43A4-857D-1B3EB76EF469}.Release Public|x64.Build.0 = Release Public|x64
		{370FC975-1E8B-43A4-857D-1B3EB76EF469}.Release Public|x86.ActiveCfg = Release Public|Win32
		{370FC975-1E8B-43A4-857D-1B3EB76EF469}.Release Public|x86.Build.0 = Release Public|Win32
		{370FC975-1E8B-43A4-857D-1B3EB76EF469}.Release|Any CPU.ActiveCfg = Release|Win32
		{370FC975-1E8B-43A4-857D-1B3EB76EF469}.Release|x64.ActiveCfg = Release|x64
		{370FC975-1E8B-43A4-857D-1B3EB76EF469}.Release|x64.Build.0 = Release|x64
		{370FC975-1E8B-43A4-857D-1B3EB76EF469}.Release|x86.ActiveCfg = Release|Win32
		{370FC975-1E8B-43A4-857D-1B3EB76EF469}.Release|x86.Build.0 = Release|Win32
		{370FC975-1E8B-43A4-857D-1B3EB76EF469}.SpamBot|Any CPU.ActiveCfg = SpamBot|Win32
		{370FC975-1E8B-43A4-857D-1B3EB76EF469}.SpamBot|x64.ActiveCfg = SpamBot|x64
		{370FC975-1E8B-43A4-857D-1B3EB76EF469}.SpamBot|x64.Build.0 = SpamBot|x64
		{370FC975-1E8B-43A4-857D-1B3EB76EF469}.SpamBot|x86.ActiveCfg = SpamBot|Win32
		{370FC975-1E8B-43A4-857D-1B3EB76EF469}.SwitchBot|Any CPU.ActiveCfg = SwitchBot|Win32
		{370FC975-1E8B-43A4-857D-1B3EB76EF469}.SwitchBot|x64.ActiveCfg = SwitchBot|x64
		{370FC975-1E8B-43A4-857D-1B3EB76EF469}.SwitchBot|x86.ActiveCfg = SwitchBot|Win32
		{23ADC7E4-387A-46EB-AA9D-3CC091184CCB}.Debug|Any CPU.ActiveCfg = Debug|Any CPU
		{23ADC7E4-387A-46EB-AA9D-3CC091184CCB}.Debug|Any CPU.Build.0 = Debug|Any CPU
		{23ADC7E4-387A-46EB-AA9D-3CC091184CCB}.Debug|x64.ActiveCfg = Debug|Any CPU
		{23ADC7E4-387A-46EB-AA9D-3CC091184CCB}.Debug|x64.Build.0 = Debug|Any CPU
		{23ADC7E4-387A-46EB-AA9D-3CC091184CCB}.Debug|x86.ActiveCfg = Debug|Any CPU
		{23ADC7E4-387A-46EB-AA9D-3CC091184CCB}.Debug|x86.Build.0 = Debug|Any CPU
		{23ADC7E4-387A-46EB-AA9D-3CC091184CCB}.FishBot|Any CPU.ActiveCfg = FishBot|Any CPU
		{23ADC7E4-387A-46EB-AA9D-3CC091184CCB}.FishBot|Any CPU.Build.0 = FishBot|Any CPU
		{23ADC7E4-387A-46EB-AA9D-3CC091184CCB}.FishBot|x64.ActiveCfg = FishBot|Any CPU
		{23ADC7E4-387A-46EB-AA9D-3CC091184CCB}.FishBot|x64.Build.0 = FishBot|Any CPU
		{23ADC7E4-387A-46EB-AA9D-3CC091184CCB}.FishBot|x86.ActiveCfg = FishBot|Any CPU
		{23ADC7E4-387A-46EB-AA9D-3CC091184CCB}.FishBot|x86.Build.0 = FishBot|Any CPU
		{23ADC7E4-387A-46EB-AA9D-3CC091184CCB}.MineBot|Any CPU.ActiveCfg = MineBot|Any CPU
		{23ADC7E4-387A-46EB-AA9D-3CC091184CCB}.MineBot|Any CPU.Build.0 = MineBot|Any CPU
		{23ADC7E4-387A-46EB-AA9D-3CC091184CCB}.MineBot|x64.ActiveCfg = MineBot|Any CPU
		{23ADC7E4-387A-46EB-AA9D-3CC091184CCB}.MineBot|x64.Build.0 = MineBot|Any CPU
		{23ADC7E4-387A-46EB-AA9D-3CC091184CCB}.MineBot|x86.ActiveCfg = MineBot|Any CPU
		{23ADC7E4-387A-46EB-AA9D-3CC091184CCB}.MineBot|x86.Build.0 = MineBot|Any CPU
		{23ADC7E4-387A-46EB-AA9D-3CC091184CCB}.PosDumper|Any CPU.ActiveCfg = PosDumper|Any CPU
		{23ADC7E4-387A-46EB-AA9D-3CC091184CCB}.PosDumper|Any CPU.Build.0 = PosDumper|Any CPU
		{23ADC7E4-387A-46EB-AA9D-3CC091184CCB}.PosDumper|x64.ActiveCfg = PosDumper|Any CPU
		{23ADC7E4-387A-46EB-AA9D-3CC091184CCB}.PosDumper|x64.Build.0 = PosDumper|Any CPU
		{23ADC7E4-387A-46EB-AA9D-3CC091184CCB}.PosDumper|x86.ActiveCfg = PosDumper|Any CPU
		{23ADC7E4-387A-46EB-AA9D-3CC091184CCB}.Release - static|Any CPU.ActiveCfg = Release - static|Any CPU
		{23ADC7E4-387A-46EB-AA9D-3CC091184CCB}.Release - static|Any CPU.Build.0 = Release - static|Any CPU
		{23ADC7E4-387A-46EB-AA9D-3CC091184CCB}.Release - static|x64.ActiveCfg = Release - static|Any CPU
		{23ADC7E4-387A-46EB-AA9D-3CC091184CCB}.Release - static|x64.Build.0 = Release - static|Any CPU
		{23ADC7E4-387A-46EB-AA9D-3CC091184CCB}.Release - static|x86.ActiveCfg = Release - static|Any CPU
		{23ADC7E4-387A-46EB-AA9D-3CC091184CCB}.Release Public|Any CPU.ActiveCfg = Release Public|Any CPU
		{23ADC7E4-387A-46EB-AA9D-3CC091184CCB}.Release Public|x64.ActiveCfg = Release Public|Any CPU
		{23ADC7E4-387A-46EB-AA9D-3CC091184CCB}.Release Public|x64.Build.0 = Release Public|Any CPU
		{23ADC7E4-387A-46EB-AA9D-3CC091184CCB}.Release Public|x86.ActiveCfg = Release Public|Any CPU
		{23ADC7E4-387A-46EB-AA9D-3CC091184CCB}.Release|Any CPU.ActiveCfg = Release|Any CPU
		{23ADC7E4-387A-46EB-AA9D-3CC091184CCB}.Release|Any CPU.Build.0 = Release|Any CPU
		{23ADC7E4-387A-46EB-AA9D-3CC091184CCB}.Release|x64.ActiveCfg = Release|Any CPU
		{23ADC7E4-387A-46EB-AA9D-3CC091184CCB}.Release|x64.Build.0 = Release|Any CPU
		{23ADC7E4-387A-46EB-AA9D-3CC091184CCB}.Release|x86.ActiveCfg = Release|Any CPU
		{23ADC7E4-387A-46EB-AA9D-3CC091184CCB}.Release|x86.Build.0 = Release|Any CPU
		{23ADC7E4-387A-46EB-AA9D-3CC091184CCB}.SpamBot|Any CPU.ActiveCfg = SpamBot|Any CPU
		{23ADC7E4-387A-46EB-AA9D-3CC091184CCB}.SpamBot|Any CPU.Build.0 = SpamBot|Any CPU
		{23ADC7E4-387A-46EB-AA9D-3CC091184CCB}.SpamBot|x64.ActiveCfg = SpamBot|Any CPU
		{23ADC7E4-387A-46EB-AA9D-3CC091184CCB}.SpamBot|x64.Build.0 = SpamBot|Any CPU
		{23ADC7E4-387A-46EB-AA9D-3CC091184CCB}.SpamBot|x86.ActiveCfg = SpamBot|Any CPU
		{23ADC7E4-387A-46EB-AA9D-3CC091184CCB}.SwitchBot|Any CPU.ActiveCfg = SwitchBot|Any CPU
		{23ADC7E4-387A-46EB-AA9D-3CC091184CCB}.SwitchBot|Any CPU.Build.0 = SwitchBot|Any CPU
		{23ADC7E4-387A-46EB-AA9D-3CC091184CCB}.SwitchBot|x64.ActiveCfg = SwitchBot|Any CPU
		{23ADC7E4-387A-46EB-AA9D-3CC091184CCB}.SwitchBot|x64.Build.0 = SwitchBot|Any CPU
		{23ADC7E4-387A-46EB-AA9D-3CC091184CCB}.SwitchBot|x86.ActiveCfg = SwitchBot|Any CPU
		{23ADC7E4-387A-46EB-AA9D-3CC091184CCB}.SwitchBot|x86.Build.0 = SwitchBot|Any CPU
		{AD78C4CA-EFFA-46DB-9CFB-9FF66F3D68BD}.Debug|Any CPU.ActiveCfg = Debug|Win32
		{AD78C4CA-EFFA-46DB-9CFB-9FF66F3D68BD}.Debug|x64.ActiveCfg = Debug|x64
		{AD78C4CA-EFFA-46DB-9CFB-9FF66F3D68BD}.Debug|x64.Build.0 = Debug|x64
		{AD78C4CA-EFFA-46DB-9CFB-9FF66F3D68BD}.Debug|x86.ActiveCfg = Debug|Win32
		{AD78C4CA-EFFA-46DB-9CFB-9FF66F3D68BD}.Debug|x86.Build.0 = Debug|Win32
		{AD78C4CA-EFFA-46DB-9CFB-9FF66F3D68BD}.FishBot|Any CPU.ActiveCfg = Debug|Win32
		{AD78C4CA-EFFA-46DB-9CFB-9FF66F3D68BD}.FishBot|Any CPU.Build.0 = Debug|Win32
		{AD78C4CA-EFFA-46DB-9CFB-9FF66F3D68BD}.FishBot|x64.ActiveCfg = Debug|x64
		{AD78C4CA-EFFA-46DB-9CFB-9FF66F3D68BD}.FishBot|x64.Build.0 = Debug|x64
		{AD78C4CA-EFFA-46DB-9CFB-9FF66F3D68BD}.FishBot|x86.ActiveCfg = Debug|Win32
		{AD78C4CA-EFFA-46DB-9CFB-9FF66F3D68BD}.FishBot|x86.Build.0 = Debug|Win32
		{AD78C4CA-EFFA-46DB-9CFB-9FF66F3D68BD}.MineBot|Any CPU.ActiveCfg = Debug|Win32
		{AD78C4CA-EFFA-46DB-9CFB-9FF66F3D68BD}.MineBot|Any CPU.Build.0 = Debug|Win32
		{AD78C4CA-EFFA-46DB-9CFB-9FF66F3D68BD}.MineBot|x64.ActiveCfg = Debug|x64
		{AD78C4CA-EFFA-46DB-9CFB-9FF66F3D68BD}.MineBot|x64.Build.0 = Debug|x64
		{AD78C4CA-EFFA-46DB-9CFB-9FF66F3D68BD}.MineBot|x86.ActiveCfg = Debug|Win32
		{AD78C4CA-EFFA-46DB-9CFB-9FF66F3D68BD}.MineBot|x86.Build.0 = Debug|Win32
		{AD78C4CA-EFFA-46DB-9CFB-9FF66F3D68BD}.PosDumper|Any CPU.ActiveCfg = Debug|Win32
		{AD78C4CA-EFFA-46DB-9CFB-9FF66F3D68BD}.PosDumper|Any CPU.Build.0 = Debug|Win32
		{AD78C4CA-EFFA-46DB-9CFB-9FF66F3D68BD}.PosDumper|x64.ActiveCfg = Debug|x64
		{AD78C4CA-EFFA-46DB-9CFB-9FF66F3D68BD}.PosDumper|x64.Build.0 = Debug|x64
		{AD78C4CA-EFFA-46DB-9CFB-9FF66F3D68BD}.PosDumper|x86.ActiveCfg = Debug|Win32
		{AD78C4CA-EFFA-46DB-9CFB-9FF66F3D68BD}.PosDumper|x86.Build.0 = Debug|Win32
		{AD78C4CA-EFFA-46DB-9CFB-9FF66F3D68BD}.Release - static|Any CPU.ActiveCfg = Release - static|Win32
		{AD78C4CA-EFFA-46DB-9CFB-9FF66F3D68BD}.Release - static|x64.ActiveCfg = Release - static|x64
		{AD78C4CA-EFFA-46DB-9CFB-9FF66F3D68BD}.Release - static|x64.Build.0 = Release - static|x64
		{AD78C4CA-EFFA-46DB-9CFB-9FF66F3D68BD}.Release - static|x86.ActiveCfg = Release - static|Win32
		{AD78C4CA-EFFA-46DB-9CFB-9FF66F3D68BD}.Release - static|x86.Build.0 = Release - static|Win32
		{AD78C4CA-EFFA-46DB-9CFB-9FF66F3D68BD}.Release Public|Any CPU.ActiveCfg = Release Public|Win32
		{AD78C4CA-EFFA-46DB-9CFB-9FF66F3D68BD}.Release Public|x64.ActiveCfg = Release Public|x64
		{AD78C4CA-EFFA-46DB-9CFB-9FF66F3D68BD}.Release Public|x64.Build.0 = Release Public|x64
		{AD78C4CA-EFFA-46DB-9CFB-9FF66F3D68BD}.Release Public|x86.ActiveCfg = Release Public|Win32
		{AD78C4CA-EFFA-46DB-9CFB-9FF66F3D68BD}.Release Public|x86.Build.0 = Release Public|Win32
		{AD78C4CA-EFFA-46DB-9CFB-9FF66F3D68BD}.Release|Any CPU.ActiveCfg = Release|Win32
		{AD78C4CA-EFFA-46DB-9CFB-9FF66F3D68BD}.Release|x64.ActiveCfg = Release|x64
		{AD78C4CA-EFFA-46DB-9CFB-9FF66F3D68BD}.Release|x64.Build.0 = Release|x64
		{AD78C4CA-EFFA-46DB-9CFB-9FF66F3D68BD}.Release|x86.ActiveCfg = Release|Win32
		{AD78C4CA-EFFA-46DB-9CFB-9FF66F3D68BD}.Release|x86.Build.0 = Release|Win32
		{AD78C4CA-EFFA-46DB-9CFB-9FF66F3D68BD}.SpamBot|Any CPU.ActiveCfg = SpamBot|Win32
		{AD78C4CA-EFFA-46DB-9CFB-9FF66F3D68BD}.SpamBot|x64.ActiveCfg = SpamBot|x64
		{AD78C4CA-EFFA-46DB-9CFB-9FF66F3D68BD}.SpamBot|x64.Build.0 = SpamBot|x64
		{AD78C4CA-EFFA-46DB-9CFB-9FF66F3D68BD}.SpamBot|x86.ActiveCfg = SpamBot|Win32
		{AD78C4CA-EFFA-46DB-9CFB-9FF66F3D68BD}.SwitchBot|Any CPU.ActiveCfg = Debug|Win32
		{AD78C4CA-EFFA-46DB-9CFB-9FF66F3D68BD}.SwitchBot|Any CPU.Build.0 = Debug|Win32
		{AD78C4CA-EFFA-46DB-9CFB-9FF66F3D68BD}.SwitchBot|x64.ActiveCfg = Debug|x64
		{AD78C4CA-EFFA-46DB-9CFB-9FF66F3D68BD}.SwitchBot|x64.Build.0 = Debug|x64
		{AD78C4CA-EFFA-46DB-9CFB-9FF66F3D68BD}.SwitchBot|x86.ActiveCfg = Debug|Win32
		{AD78C4CA-EFFA-46DB-9CFB-9FF66F3D68BD}.SwitchBot|x86.Build.0 = Debug|Win32
		{21BBA7BE-DAA6-4A5C-B34E-78B677C2205F}.Debug|Any CPU.ActiveCfg = Debug|Win32
		{21BBA7BE-DAA6-4A5C-B34E-78B677C2205F}.Debug|x64.ActiveCfg = Debug|x64
		{21BBA7BE-DAA6-4A5C-B34E-78B677C2205F}.Debug|x64.Build.0 = Debug|x64
		{21BBA7BE-DAA6-4A5C-B34E-78B677C2205F}.Debug|x86.ActiveCfg = Debug|Win32
		{21BBA7BE-DAA6-4A5C-B34E-78B677C2205F}.Debug|x86.Build.0 = Debug|Win32
		{21BBA7BE-DAA6-4A5C-B34E-78B677C2205F}.FishBot|Any CPU.ActiveCfg = Debug|Win32
		{21BBA7BE-DAA6-4A5C-B34E-78B677C2205F}.FishBot|Any CPU.Build.0 = Debug|Win32
		{21BBA7BE-DAA6-4A5C-B34E-78B677C2205F}.FishBot|x64.ActiveCfg = Debug|x64
		{21BBA7BE-DAA6-4A5C-B34E-78B677C2205F}.FishBot|x64.Build.0 = Debug|x64
		{21BBA7BE-DAA6-4A5C-B34E-78B677C2205F}.FishBot|x86.ActiveCfg = Debug|Win32
		{21BBA7BE-DAA6-4A5C-B34E-78B677C2205F}.FishBot|x86.Build.0 = Debug|Win32
		{21BBA7BE-DAA6-4A5C-B34E-78B677C2205F}.MineBot|Any CPU.ActiveCfg = Debug|Win32
		{21BBA7BE-DAA6-4A5C-B34E-78B677C2205F}.MineBot|Any CPU.Build.0 = Debug|Win32
		{21BBA7BE-DAA6-4A5C-B34E-78B677C2205F}.MineBot|x64.ActiveCfg = Debug|x64
		{21BBA7BE-DAA6-4A5C-B34E-78B677C2205F}.MineBot|x64.Build.0 = Debug|x64
		{21BBA7BE-DAA6-4A5C-B34E-78B677C2205F}.MineBot|x86.ActiveCfg = Debug|Win32
		{21BBA7BE-DAA6-4A5C-B34E-78B677C2205F}.MineBot|x86.Build.0 = Debug|Win32
		{21BBA7BE-DAA6-4A5C-B34E-78B677C2205F}.PosDumper|Any CPU.ActiveCfg = Debug|Win32
		{21BBA7BE-DAA6-4A5C-B34E-78B677C2205F}.PosDumper|Any CPU.Build.0 = Debug|Win32
		{21BBA7BE-DAA6-4A5C-B34E-78B677C2205F}.PosDumper|x64.ActiveCfg = Debug|x64
		{21BBA7BE-DAA6-4A5C-B34E-78B677C2205F}.PosDumper|x64.Build.0 = Debug|x64
		{21BBA7BE-DAA6-4A5C-B34E-78B677C2205F}.PosDumper|x86.ActiveCfg = Debug|Win32
		{21BBA7BE-DAA6-4A5C-B34E-78B677C2205F}.PosDumper|x86.Build.0 = Debug|Win32
		{21BBA7BE-DAA6-4A5C-B34E-78B677C2205F}.Release - static|Any CPU.ActiveCfg = Debug|Win32
		{21BBA7BE-DAA6-4A5C-B34E-78B677C2205F}.Release - static|Any CPU.Build.0 = Debug|Win32
		{21BBA7BE-DAA6-4A5C-B34E-78B677C2205F}.Release - static|x64.ActiveCfg = Release|x64
		{21BBA7BE-DAA6-4A5C-B34E-78B677C2205F}.Release - static|x64.Build.0 = Release|x64
		{21BBA7BE-DAA6-4A5C-B34E-78B677C2205F}.Release - static|x86.ActiveCfg = Release|Win32
		{21BBA7BE-DAA6-4A5C-B34E-78B677C2205F}.Release - static|x86.Build.0 = Release|Win32
		{21BBA7BE-DAA6-4A5C-B34E-78B677C2205F}.Release Public|Any CPU.ActiveCfg = Debug|Win32
		{21BBA7BE-DAA6-4A5C-B34E-78B677C2205F}.Release Public|Any CPU.Build.0 = Debug|Win32
		{21BBA7BE-DAA6-4A5C-B34E-78B677C2205F}.Release Public|x64.ActiveCfg = Release|x64
		{21BBA7BE-DAA6-4A5C-B34E-78B677C2205F}.Release Public|x64.Build.0 = Release|x64
		{21BBA7BE-DAA6-4A5C-B34E-78B677C2205F}.Release Public|x86.ActiveCfg = Release|Win32
		{21BBA7BE-DAA6-4A5C-B34E-78B677C2205F}.Release Public|x86.Build.0 = Release|Win32
		{21BBA7BE-DAA6-4A5C-B34E-78B677C2205F}.Release|Any CPU.ActiveCfg = Release|Win32
		{21BBA7BE-DAA6-4A5C-B34E-78B677C2205F}.Release|x64.ActiveCfg = Release|x64
		{21BBA7BE-DAA6-4A5C-B34E-78B677C2205F}.Release|x64.Build.0 = Release|x64
		{21BBA7BE-DAA6-4A5C-B34E-78B677C2205F}.Release|x86.ActiveCfg = Release|Win32
		{21BBA7BE-DAA6-4A5C-B34E-78B677C2205F}.Release|x86.Build.0 = Release|Win32
		{21BBA7BE-DAA6-4A5C-B34E-78B677C2205F}.SpamBot|Any CPU.ActiveCfg = Debug|Win32
		{21BBA7BE-DAA6-4A5C-B34E-78B677C2205F}.SpamBot|Any CPU.Build.0 = Debug|Win32
		{21BBA7BE-DAA6-4A5C-B34E-78B677C2205F}.SpamBot|x64.ActiveCfg = Debug|x64
		{21BBA7BE-DAA6-4A5C-B34E-78B677C2205F}.SpamBot|x64.Build.0 = Debug|x64
		{21BBA7BE-DAA6-4A5C-B34E-78B677C2205F}.SpamBot|x86.ActiveCfg = Debug|Win32
		{21BBA7BE-DAA6-4A5C-B34E-78B677C2205F}.SpamBot|x86.Build.0 = Debug|Win32
		{21BBA7BE-DAA6-4A5C-B34E-78B677C2205F}.SwitchBot|Any CPU.ActiveCfg = Debug|Win32
		{21BBA7BE-DAA6-4A5C-B34E-78B677C2205F}.SwitchBot|Any CPU.Build.0 = Debug|Win32
		{21BBA7BE-DAA6-4A5C-B34E-78B677C2205F}.SwitchBot|x64.ActiveCfg = Debug|x64
		{21BBA7BE-DAA6-4A5C-B34E-78B677C2205F}.SwitchBot|x64.Build.0 = Debug|x64
		{21BBA7BE-DAA6-4A5C-B34E-78B677C2205F}.SwitchBot|x86.ActiveCfg = Debug|Win32
		{21BBA7BE-DAA6-4A5C-B34E-78B677C2205F}.SwitchBot|x86.Build.0 = Debug|Win32
	EndGlobalSection
	GlobalSection(SolutionProperties) = preSolution
		HideSolutionNode = FALSE
	EndGlobalSection
	GlobalSection(ExtensibilityGlobals) = postSolution
		SolutionGuid = {F5900C2B-FB43-4FAE-85CF-049413DBE16E}
	EndGlobalSection
EndGlobal
